
Microsoft Visual Studio Solution File, Format Version 12.00
Project("{FAE04EC0-301F-11D3-BF4B-00C04F79EFBC}") = "AuroraCore", "AuroraCore\AuroraCore.csproj", "{61258533-A0A4-4F22-84C2-936A70DBA1D9}"
EndProject
Global
	GlobalSection(SolutionConfigurationPlatforms) = preSolution
		Debug|Any CPU = Debug|Any CPU
		Release|Any CPU = Release|Any CPU
	EndGlobalSection
	GlobalSection(ProjectConfigurationPlatforms) = postSolution
		{61258533-A0A4-4F22-84C2-936A70DBA1D9}.Debug|Any CPU.ActiveCfg = Debug|Any CPU
		{61258533-A0A4-4F22-84C2-936A70DBA1D9}.Debug|Any CPU.Build.0 = Debug|Any CPU
		{61258533-A0A4-4F22-84C2-936A70DBA1D9}.Release|Any CPU.ActiveCfg = Release|Any CPU
		{61258533-A0A4-4F22-84C2-936A70DBA1D9}.Release|Any CPU.Build.0 = Release|Any CPU
	EndGlobalSection
EndGlobal
